
Microsoft Visual Studio Solution File, Format Version 12.00
# Visual Studio Version 17
VisualStudioVersion = 17.11.35327.3
MinimumVisualStudioVersion = 10.0.40219.1
Project("{FAE04EC0-301F-11D3-BF4B-00C04F79EFBC}") = "percentage of the number", "percentage of the number\percentage of the number.csproj", "{4ACF6D4D-09C0-4264-87F9-32F75375E906}"
EndProject
Global
	GlobalSection(SolutionConfigurationPlatforms) = preSolution
		Debug|Any CPU = Debug|Any CPU
		Release|Any CPU = Release|Any CPU
	EndGlobalSection
	GlobalSection(ProjectConfigurationPlatforms) = postSolution
		{4ACF6D4D-09C0-4264-87F9-32F75375E906}.Debug|Any CPU.ActiveCfg = Debug|Any CPU
		{4ACF6D4D-09C0-4264-87F9-32F75375E906}.Debug|Any CPU.Build.0 = Debug|Any CPU
		{4ACF6D4D-09C0-4264-87F9-32F75375E906}.Release|Any CPU.ActiveCfg = Release|Any CPU
		{4ACF6D4D-09C0-4264-87F9-32F75375E906}.Release|Any CPU.Build.0 = Release|Any CPU
	EndGlobalSection
	GlobalSection(SolutionProperties) = preSolution
		HideSolutionNode = FALSE
	EndGlobalSection
	GlobalSection(ExtensibilityGlobals) = postSolution
		SolutionGuid = {5B14DCD8-7A78-429B-B8FF-28D74BBC79DB}
	EndGlobalSection
EndGlobal
